// !$*UTF8*$!
{
	archiveVersion = 1;
	classes = {
	};
	objectVersion = 77;
	objects = {

/* Begin PBXBuildFile section */
		C29843782D548B0700BB5DB7 /* license.txt in Resources */ = {isa = PBXBuildFile; fileRef = C29843502D548B0700BB5DB7 /* license.txt */; };
		C29843792D548B0700BB5DB7 /* Preview Assets.xcassets in Resources */ = {isa = PBXBuildFile; fileRef = C298435C2D548B0700BB5DB7 /* Preview Assets.xcassets */; };
		C298437E2D548B0700BB5DB7 /* Assets.xcassets in Resources */ = {isa = PBXBuildFile; fileRef = C29843712D548B0700BB5DB7 /* Assets.xcassets */; };
		C298437F2D548B0700BB5DB7 /* hedgehog1.jpeg in Resources */ = {isa = PBXBuildFile; fileRef = C29843732D548B0700BB5DB7 /* hedgehog1.jpeg */; };
		C29843802D548B0700BB5DB7 /* hedgehog2.jpeg in Resources */ = {isa = PBXBuildFile; fileRef = C29843742D548B0700BB5DB7 /* hedgehog2.jpeg */; };
		C29843812D548B0700BB5DB7 /* hedgehog3.jpg in Resources */ = {isa = PBXBuildFile; fileRef = C29843752D548B0700BB5DB7 /* hedgehog3.jpg */; };
		C29843832D548B0700BB5DB7 /* Settings.swift in Sources */ = {isa = PBXBuildFile; fileRef = C298434D2D548B0700BB5DB7 /* Settings.swift */; };
		C29843842D548B0700BB5DB7 /* ColorExtensions.swift in Sources */ = {isa = PBXBuildFile; fileRef = C298434F2D548B0700BB5DB7 /* ColorExtensions.swift */; };
		C29843852D548B0700BB5DB7 /* TextExtensions.swift in Sources */ = {isa = PBXBuildFile; fileRef = C29843512D548B0700BB5DB7 /* TextExtensions.swift */; };
		C29843862D548B0700BB5DB7 /* Card.swift in Sources */ = {isa = PBXBuildFile; fileRef = C29843532D548B0700BB5DB7 /* Card.swift */; };
		C29843872D548B0700BB5DB7 /* CardElement.swift in Sources */ = {isa = PBXBuildFile; fileRef = C29843542D548B0700BB5DB7 /* CardElement.swift */; };
		C29843882D548B0700BB5DB7 /* CardStore.swift in Sources */ = {isa = PBXBuildFile; fileRef = C29843552D548B0700BB5DB7 /* CardStore.swift */; };
		C29843892D548B0700BB5DB7 /* Operators.swift in Sources */ = {isa = PBXBuildFile; fileRef = C29843562D548B0700BB5DB7 /* Operators.swift */; };
		C298438A2D548B0700BB5DB7 /* Transform.swift in Sources */ = {isa = PBXBuildFile; fileRef = C29843572D548B0700BB5DB7 /* Transform.swift */; };
		C298438B2D548B0700BB5DB7 /* CardToolbar.swift in Sources */ = {isa = PBXBuildFile; fileRef = C29843592D548B0700BB5DB7 /* CardToolbar.swift */; };
		C298438C2D548B0700BB5DB7 /* ResizableView.swift in Sources */ = {isa = PBXBuildFile; fileRef = C298435A2D548B0700BB5DB7 /* ResizableView.swift */; };
		C298438D2D548B0700BB5DB7 /* PreviewData.swift in Sources */ = {isa = PBXBuildFile; fileRef = C298435D2D548B0700BB5DB7 /* PreviewData.swift */; };
		C298438E2D548B0700BB5DB7 /* StickerModal.swift in Sources */ = {isa = PBXBuildFile; fileRef = C29843652D548B0700BB5DB7 /* StickerModal.swift */; };
		C298438F2D548B0700BB5DB7 /* BottomToolbar.swift in Sources */ = {isa = PBXBuildFile; fileRef = C29843672D548B0700BB5DB7 /* BottomToolbar.swift */; };
		C29843902D548B0700BB5DB7 /* CardDetailView.swift in Sources */ = {isa = PBXBuildFile; fileRef = C29843682D548B0700BB5DB7 /* CardDetailView.swift */; };
		C29843912D548B0700BB5DB7 /* CardElementView.swift in Sources */ = {isa = PBXBuildFile; fileRef = C29843692D548B0700BB5DB7 /* CardElementView.swift */; };
		C29843922D548B0700BB5DB7 /* SingleCardView.swift in Sources */ = {isa = PBXBuildFile; fileRef = C298436A2D548B0700BB5DB7 /* SingleCardView.swift */; };
		C29843932D548B0700BB5DB7 /* ToolbarSelection.swift in Sources */ = {isa = PBXBuildFile; fileRef = C298436B2D548B0700BB5DB7 /* ToolbarSelection.swift */; };
		C29843942D548B0700BB5DB7 /* CardListView.swift in Sources */ = {isa = PBXBuildFile; fileRef = C298436D2D548B0700BB5DB7 /* CardListView.swift */; };
		C29843952D548B0700BB5DB7 /* CardThumbnail.swift in Sources */ = {isa = PBXBuildFile; fileRef = C298436E2D548B0700BB5DB7 /* CardThumbnail.swift */; };
		C29843962D548B0700BB5DB7 /* ContentView.swift in Sources */ = {isa = PBXBuildFile; fileRef = C298436F2D548B0700BB5DB7 /* ContentView.swift */; };
		C29843972D548B0700BB5DB7 /* CardsApp.swift in Sources */ = {isa = PBXBuildFile; fileRef = C29843722D548B0700BB5DB7 /* CardsApp.swift */; };
		C29843AC2D548EE500BB5DB7 /* PhotosModal.swift in Sources */ = {isa = PBXBuildFile; fileRef = C29843AB2D548EE500BB5DB7 /* PhotosModal.swift */; };
/* End PBXBuildFile section */

/* Begin PBXFileReference section */
		C2569EA92D531273009E2511 /* Cards.app */ = {isa = PBXFileReference; explicitFileType = wrapper.application; includeInIndex = 0; path = Cards.app; sourceTree = BUILT_PRODUCTS_DIR; };
		C298434D2D548B0700BB5DB7 /* Settings.swift */ = {isa = PBXFileReference; lastKnownFileType = sourcecode.swift; path = Settings.swift; sourceTree = "<group>"; };
		C298434F2D548B0700BB5DB7 /* ColorExtensions.swift */ = {isa = PBXFileReference; lastKnownFileType = sourcecode.swift; path = ColorExtensions.swift; sourceTree = "<group>"; };
		C29843502D548B0700BB5DB7 /* license.txt */ = {isa = PBXFileReference; lastKnownFileType = text; path = license.txt; sourceTree = "<group>"; };
		C29843512D548B0700BB5DB7 /* TextExtensions.swift */ = {isa = PBXFileReference; lastKnownFileType = sourcecode.swift; path = TextExtensions.swift; sourceTree = "<group>"; };
		C29843532D548B0700BB5DB7 /* Card.swift */ = {isa = PBXFileReference; lastKnownFileType = sourcecode.swift; path = Card.swift; sourceTree = "<group>"; };
		C29843542D548B0700BB5DB7 /* CardElement.swift */ = {isa = PBXFileReference; lastKnownFileType = sourcecode.swift; path = CardElement.swift; sourceTree = "<group>"; };
		C29843552D548B0700BB5DB7 /* CardStore.swift */ = {isa = PBXFileReference; lastKnownFileType = sourcecode.swift; path = CardStore.swift; sourceTree = "<group>"; };
		C29843562D548B0700BB5DB7 /* Operators.swift */ = {isa = PBXFileReference; lastKnownFileType = sourcecode.swift; path = Operators.swift; sourceTree = "<group>"; };
		C29843572D548B0700BB5DB7 /* Transform.swift */ = {isa = PBXFileReference; lastKnownFileType = sourcecode.swift; path = Transform.swift; sourceTree = "<group>"; };
		C29843592D548B0700BB5DB7 /* CardToolbar.swift */ = {isa = PBXFileReference; lastKnownFileType = sourcecode.swift; path = CardToolbar.swift; sourceTree = "<group>"; };
		C298435A2D548B0700BB5DB7 /* ResizableView.swift */ = {isa = PBXFileReference; lastKnownFileType = sourcecode.swift; path = ResizableView.swift; sourceTree = "<group>"; };
		C298435C2D548B0700BB5DB7 /* Preview Assets.xcassets */ = {isa = PBXFileReference; lastKnownFileType = folder.assetcatalog; path = "Preview Assets.xcassets"; sourceTree = "<group>"; };
		C298435D2D548B0700BB5DB7 /* PreviewData.swift */ = {isa = PBXFileReference; lastKnownFileType = sourcecode.swift; path = PreviewData.swift; sourceTree = "<group>"; };
		C29843652D548B0700BB5DB7 /* StickerModal.swift */ = {isa = PBXFileReference; lastKnownFileType = sourcecode.swift; path = StickerModal.swift; sourceTree = "<group>"; };
		C29843672D548B0700BB5DB7 /* BottomToolbar.swift */ = {isa = PBXFileReference; lastKnownFileType = sourcecode.swift; path = BottomToolbar.swift; sourceTree = "<group>"; };
		C29843682D548B0700BB5DB7 /* CardDetailView.swift */ = {isa = PBXFileReference; lastKnownFileType = sourcecode.swift; path = CardDetailView.swift; sourceTree = "<group>"; };
		C29843692D548B0700BB5DB7 /* CardElementView.swift */ = {isa = PBXFileReference; lastKnownFileType = sourcecode.swift; path = CardElementView.swift; sourceTree = "<group>"; };
		C298436A2D548B0700BB5DB7 /* SingleCardView.swift */ = {isa = PBXFileReference; lastKnownFileType = sourcecode.swift; path = SingleCardView.swift; sourceTree = "<group>"; };
		C298436B2D548B0700BB5DB7 /* ToolbarSelection.swift */ = {isa = PBXFileReference; lastKnownFileType = sourcecode.swift; path = ToolbarSelection.swift; sourceTree = "<group>"; };
		C298436D2D548B0700BB5DB7 /* CardListView.swift */ = {isa = PBXFileReference; lastKnownFileType = sourcecode.swift; path = CardListView.swift; sourceTree = "<group>"; };
		C298436E2D548B0700BB5DB7 /* CardThumbnail.swift */ = {isa = PBXFileReference; lastKnownFileType = sourcecode.swift; path = CardThumbnail.swift; sourceTree = "<group>"; };
		C298436F2D548B0700BB5DB7 /* ContentView.swift */ = {isa = PBXFileReference; lastKnownFileType = sourcecode.swift; path = ContentView.swift; sourceTree = "<group>"; };
		C29843712D548B0700BB5DB7 /* Assets.xcassets */ = {isa = PBXFileReference; lastKnownFileType = folder.assetcatalog; path = Assets.xcassets; sourceTree = "<group>"; };
		C29843722D548B0700BB5DB7 /* CardsApp.swift */ = {isa = PBXFileReference; lastKnownFileType = sourcecode.swift; path = CardsApp.swift; sourceTree = "<group>"; };
		C29843732D548B0700BB5DB7 /* hedgehog1.jpeg */ = {isa = PBXFileReference; lastKnownFileType = image.jpeg; path = hedgehog1.jpeg; sourceTree = "<group>"; };
		C29843742D548B0700BB5DB7 /* hedgehog2.jpeg */ = {isa = PBXFileReference; lastKnownFileType = image.jpeg; path = hedgehog2.jpeg; sourceTree = "<group>"; };
		C29843752D548B0700BB5DB7 /* hedgehog3.jpg */ = {isa = PBXFileReference; lastKnownFileType = image.jpeg; path = hedgehog3.jpg; sourceTree = "<group>"; };
		C29843762D548B0700BB5DB7 /* Info.plist */ = {isa = PBXFileReference; lastKnownFileType = text.plist.xml; path = Info.plist; sourceTree = "<group>"; };
		C29843AB2D548EE500BB5DB7 /* PhotosModal.swift */ = {isa = PBXFileReference; lastKnownFileType = sourcecode.swift; path = PhotosModal.swift; sourceTree = "<group>"; };
/* End PBXFileReference section */

/* Begin PBXFileSystemSynchronizedRootGroup section */
		C298439D2D548B1400BB5DB7 /* Stickers */ = {
			isa = PBXFileSystemSynchronizedRootGroup;
			path = Stickers;
			sourceTree = "<group>";
		};
/* End PBXFileSystemSynchronizedRootGroup section */

/* Begin PBXFrameworksBuildPhase section */
		C2569EA62D531273009E2511 /* Frameworks */ = {
			isa = PBXFrameworksBuildPhase;
			buildActionMask = 2147483647;
			files = (
			);
			runOnlyForDeploymentPostprocessing = 0;
		};
/* End PBXFrameworksBuildPhase section */

/* Begin PBXGroup section */
		C2569EA02D531273009E2511 = {
			isa = PBXGroup;
			children = (
				C29843772D548B0700BB5DB7 /* Cards */,
				C2569EAA2D531273009E2511 /* Products */,
			);
			sourceTree = "<group>";
		};
		C2569EAA2D531273009E2511 /* Products */ = {
			isa = PBXGroup;
			children = (
				C2569EA92D531273009E2511 /* Cards.app */,
			);
			name = Products;
			sourceTree = "<group>";
		};
		C298434E2D548B0700BB5DB7 /* Config */ = {
			isa = PBXGroup;
			children = (
				C298434D2D548B0700BB5DB7 /* Settings.swift */,
			);
			path = Config;
			sourceTree = "<group>";
		};
		C29843522D548B0700BB5DB7 /* Extensions */ = {
			isa = PBXGroup;
			children = (
				C298434F2D548B0700BB5DB7 /* ColorExtensions.swift */,
				C29843502D548B0700BB5DB7 /* license.txt */,
				C29843512D548B0700BB5DB7 /* TextExtensions.swift */,
			);
			path = Extensions;
			sourceTree = "<group>";
		};
		C29843582D548B0700BB5DB7 /* Model */ = {
			isa = PBXGroup;
			children = (
				C29843532D548B0700BB5DB7 /* Card.swift */,
				C29843542D548B0700BB5DB7 /* CardElement.swift */,
				C29843552D548B0700BB5DB7 /* CardStore.swift */,
				C29843562D548B0700BB5DB7 /* Operators.swift */,
				C29843572D548B0700BB5DB7 /* Transform.swift */,
			);
			path = Model;
			sourceTree = "<group>";
		};
		C298435B2D548B0700BB5DB7 /* Modifiers */ = {
			isa = PBXGroup;
			children = (
				C29843592D548B0700BB5DB7 /* CardToolbar.swift */,
				C298435A2D548B0700BB5DB7 /* ResizableView.swift */,
			);
			path = Modifiers;
			sourceTree = "<group>";
		};
		C298435E2D548B0700BB5DB7 /* Preview Content */ = {
			isa = PBXGroup;
			children = (
				C298435C2D548B0700BB5DB7 /* Preview Assets.xcassets */,
				C298435D2D548B0700BB5DB7 /* PreviewData.swift */,
			);
			path = "Preview Content";
			sourceTree = "<group>";
		};
		C29843662D548B0700BB5DB7 /* CardModalViews */ = {
			isa = PBXGroup;
			children = (
				C29843652D548B0700BB5DB7 /* StickerModal.swift */,
				C29843AB2D548EE500BB5DB7 /* PhotosModal.swift */,
			);
			path = CardModalViews;
			sourceTree = "<group>";
		};
		C298436C2D548B0700BB5DB7 /* Single Card Views */ = {
			isa = PBXGroup;
			children = (
				C29843662D548B0700BB5DB7 /* CardModalViews */,
				C29843672D548B0700BB5DB7 /* BottomToolbar.swift */,
				C29843682D548B0700BB5DB7 /* CardDetailView.swift */,
				C29843692D548B0700BB5DB7 /* CardElementView.swift */,
				C298436A2D548B0700BB5DB7 /* SingleCardView.swift */,
				C298436B2D548B0700BB5DB7 /* ToolbarSelection.swift */,
			);
			path = "Single Card Views";
			sourceTree = "<group>";
		};
		C29843702D548B0700BB5DB7 /* Views */ = {
			isa = PBXGroup;
			children = (
				C298436C2D548B0700BB5DB7 /* Single Card Views */,
				C298436D2D548B0700BB5DB7 /* CardListView.swift */,
				C298436E2D548B0700BB5DB7 /* CardThumbnail.swift */,
				C298436F2D548B0700BB5DB7 /* ContentView.swift */,
			);
			path = Views;
			sourceTree = "<group>";
		};
		C29843772D548B0700BB5DB7 /* Cards */ = {
			isa = PBXGroup;
			children = (
				C298434E2D548B0700BB5DB7 /* Config */,
				C29843522D548B0700BB5DB7 /* Extensions */,
				C29843582D548B0700BB5DB7 /* Model */,
				C298435B2D548B0700BB5DB7 /* Modifiers */,
				C298435E2D548B0700BB5DB7 /* Preview Content */,
				C298439D2D548B1400BB5DB7 /* Stickers */,
				C29843702D548B0700BB5DB7 /* Views */,
				C29843712D548B0700BB5DB7 /* Assets.xcassets */,
				C29843722D548B0700BB5DB7 /* CardsApp.swift */,
				C29843732D548B0700BB5DB7 /* hedgehog1.jpeg */,
				C29843742D548B0700BB5DB7 /* hedgehog2.jpeg */,
				C29843752D548B0700BB5DB7 /* hedgehog3.jpg */,
				C29843762D548B0700BB5DB7 /* Info.plist */,
			);
			path = Cards;
			sourceTree = "<group>";
		};
/* End PBXGroup section */

/* Begin PBXNativeTarget section */
		C2569EA82D531273009E2511 /* Cards */ = {
			isa = PBXNativeTarget;
			buildConfigurationList = C2569EB72D531275009E2511 /* Build configuration list for PBXNativeTarget "Cards" */;
			buildPhases = (
				C2569EA52D531273009E2511 /* Sources */,
				C2569EA62D531273009E2511 /* Frameworks */,
				C2569EA72D531273009E2511 /* Resources */,
			);
			buildRules = (
			);
			dependencies = (
			);
			fileSystemSynchronizedGroups = (
				C298439D2D548B1400BB5DB7 /* Stickers */,
			);
			name = Cards;
			packageProductDependencies = (
			);
			productName = Cards;
			productReference = C2569EA92D531273009E2511 /* Cards.app */;
			productType = "com.apple.product-type.application";
		};
/* End PBXNativeTarget section */

/* Begin PBXProject section */
		C2569EA12D531273009E2511 /* Project object */ = {
			isa = PBXProject;
			attributes = {
				BuildIndependentTargetsInParallel = 1;
				LastSwiftUpdateCheck = 1620;
				LastUpgradeCheck = 1620;
				TargetAttributes = {
					C2569EA82D531273009E2511 = {
						CreatedOnToolsVersion = 16.2;
					};
				};
			};
			buildConfigurationList = C2569EA42D531273009E2511 /* Build configuration list for PBXProject "Cards" */;
			developmentRegion = en;
			hasScannedForEncodings = 0;
			knownRegions = (
				en,
				Base,
			);
			mainGroup = C2569EA02D531273009E2511;
			minimizedProjectReferenceProxies = 1;
			preferredProjectObjectVersion = 77;
			productRefGroup = C2569EAA2D531273009E2511 /* Products */;
			projectDirPath = "";
			projectRoot = "";
			targets = (
				C2569EA82D531273009E2511 /* Cards */,
			);
		};
/* End PBXProject section */

/* Begin PBXResourcesBuildPhase section */
		C2569EA72D531273009E2511 /* Resources */ = {
			isa = PBXResourcesBuildPhase;
			buildActionMask = 2147483647;
			files = (
				C29843782D548B0700BB5DB7 /* license.txt in Resources */,
				C29843792D548B0700BB5DB7 /* Preview Assets.xcassets in Resources */,
				C298437E2D548B0700BB5DB7 /* Assets.xcassets in Resources */,
				C298437F2D548B0700BB5DB7 /* hedgehog1.jpeg in Resources */,
				C29843802D548B0700BB5DB7 /* hedgehog2.jpeg in Resources */,
				C29843812D548B0700BB5DB7 /* hedgehog3.jpg in Resources */,
			);
			runOnlyForDeploymentPostprocessing = 0;
		};
/* End PBXResourcesBuildPhase section */

/* Begin PBXSourcesBuildPhase section */
		C2569EA52D531273009E2511 /* Sources */ = {
			isa = PBXSourcesBuildPhase;
			buildActionMask = 2147483647;
			files = (
				C29843832D548B0700BB5DB7 /* Settings.swift in Sources */,
				C29843842D548B0700BB5DB7 /* ColorExtensions.swift in Sources */,
				C29843852D548B0700BB5DB7 /* TextExtensions.swift in Sources */,
				C29843862D548B0700BB5DB7 /* Card.swift in Sources */,
				C29843872D548B0700BB5DB7 /* CardElement.swift in Sources */,
				C29843882D548B0700BB5DB7 /* CardStore.swift in Sources */,
				C29843892D548B0700BB5DB7 /* Operators.swift in Sources */,
				C298438A2D548B0700BB5DB7 /* Transform.swift in Sources */,
				C298438B2D548B0700BB5DB7 /* CardToolbar.swift in Sources */,
				C298438C2D548B0700BB5DB7 /* ResizableView.swift in Sources */,
				C298438D2D548B0700BB5DB7 /* PreviewData.swift in Sources */,
				C298438E2D548B0700BB5DB7 /* StickerModal.swift in Sources */,
				C298438F2D548B0700BB5DB7 /* BottomToolbar.swift in Sources */,
				C29843902D548B0700BB5DB7 /* CardDetailView.swift in Sources */,
				C29843912D548B0700BB5DB7 /* CardElementView.swift in Sources */,
				C29843922D548B0700BB5DB7 /* SingleCardView.swift in Sources */,
				C29843932D548B0700BB5DB7 /* ToolbarSelection.swift in Sources */,
				C29843942D548B0700BB5DB7 /* CardListView.swift in Sources */,
				C29843952D548B0700BB5DB7 /* CardThumbnail.swift in Sources */,
				C29843962D548B0700BB5DB7 /* ContentView.swift in Sources */,
				C29843AC2D548EE500BB5DB7 /* PhotosModal.swift in Sources */,
				C29843972D548B0700BB5DB7 /* CardsApp.swift in Sources */,
			);
			runOnlyForDeploymentPostprocessing = 0;
		};
/* End PBXSourcesBuildPhase section */

/* Begin XCBuildConfiguration section */
		C2569EB52D531275009E2511 /* Debug */ = {
			isa = XCBuildConfiguration;
			buildSettings = {
				ALWAYS_SEARCH_USER_PATHS = NO;
				ASSETCATALOG_COMPILER_GENERATE_SWIFT_ASSET_SYMBOL_EXTENSIONS = YES;
				CLANG_ANALYZER_NONNULL = YES;
				CLANG_ANALYZER_NUMBER_OBJECT_CONVERSION = YES_AGGRESSIVE;
				CLANG_CXX_LANGUAGE_STANDARD = "gnu++20";
				CLANG_ENABLE_MODULES = YES;
				CLANG_ENABLE_OBJC_ARC = YES;
				CLANG_ENABLE_OBJC_WEAK = YES;
				CLANG_WARN_BLOCK_CAPTURE_AUTORELEASING = YES;
				CLANG_WARN_BOOL_CONVERSION = YES;
				CLANG_WARN_COMMA = YES;
				CLANG_WARN_CONSTANT_CONVERSION = YES;
				CLANG_WARN_DEPRECATED_OBJC_IMPLEMENTATIONS = YES;
				CLANG_WARN_DIRECT_OBJC_ISA_USAGE = YES_ERROR;
				CLANG_WARN_DOCUMENTATION_COMMENTS = YES;
				CLANG_WARN_EMPTY_BODY = YES;
				CLANG_WARN_ENUM_CONVERSION = YES;
				CLANG_WARN_INFINITE_RECURSION = YES;
				CLANG_WARN_INT_CONVERSION = YES;
				CLANG_WARN_NON_LITERAL_NULL_CONVERSION = YES;
				CLANG_WARN_OBJC_IMPLICIT_RETAIN_SELF = YES;
				CLANG_WARN_OBJC_LITERAL_CONVERSION = YES;
				CLANG_WARN_OBJC_ROOT_CLASS = YES_ERROR;
				CLANG_WARN_QUOTED_INCLUDE_IN_FRAMEWORK_HEADER = YES;
				CLANG_WARN_RANGE_LOOP_ANALYSIS = YES;
				CLANG_WARN_STRICT_PROTOTYPES = YES;
				CLANG_WARN_SUSPICIOUS_MOVE = YES;
				CLANG_WARN_UNGUARDED_AVAILABILITY = YES_AGGRESSIVE;
				CLANG_WARN_UNREACHABLE_CODE = YES;
				CLANG_WARN__DUPLICATE_METHOD_MATCH = YES;
				COPY_PHASE_STRIP = NO;
				DEBUG_INFORMATION_FORMAT = dwarf;
				ENABLE_STRICT_OBJC_MSGSEND = YES;
				ENABLE_TESTABILITY = YES;
				ENABLE_USER_SCRIPT_SANDBOXING = YES;
				GCC_C_LANGUAGE_STANDARD = gnu17;
				GCC_DYNAMIC_NO_PIC = NO;
				GCC_NO_COMMON_BLOCKS = YES;
				GCC_OPTIMIZATION_LEVEL = 0;
				GCC_PREPROCESSOR_DEFINITIONS = (
					"DEBUG=1",
					"$(inherited)",
				);
				GCC_WARN_64_TO_32_BIT_CONVERSION = YES;
				GCC_WARN_ABOUT_RETURN_TYPE = YES_ERROR;
				GCC_WARN_UNDECLARED_SELECTOR = YES;
				GCC_WARN_UNINITIALIZED_AUTOS = YES_AGGRESSIVE;
				GCC_WARN_UNUSED_FUNCTION = YES;
				GCC_WARN_UNUSED_VARIABLE = YES;
				IPHONEOS_DEPLOYMENT_TARGET = 18.2;
				LOCALIZATION_PREFERS_STRING_CATALOGS = YES;
				MTL_ENABLE_DEBUG_INFO = INCLUDE_SOURCE;
				MTL_FAST_MATH = YES;
				ONLY_ACTIVE_ARCH = YES;
				SDKROOT = iphoneos;
				SWIFT_ACTIVE_COMPILATION_CONDITIONS = "DEBUG $(inherited)";
				SWIFT_OPTIMIZATION_LEVEL = "-Onone";
			};
			name = Debug;
		};
		C2569EB62D531275009E2511 /* Release */ = {
			isa = XCBuildConfiguration;
			buildSettings = {
				ALWAYS_SEARCH_USER_PATHS = NO;
				ASSETCATALOG_COMPILER_GENERATE_SWIFT_ASSET_SYMBOL_EXTENSIONS = YES;
				CLANG_ANALYZER_NONNULL = YES;
				CLANG_ANALYZER_NUMBER_OBJECT_CONVERSION = YES_AGGRESSIVE;
				CLANG_CXX_LANGUAGE_STANDARD = "gnu++20";
				CLANG_ENABLE_MODULES = YES;
				CLANG_ENABLE_OBJC_ARC = YES;
				CLANG_ENABLE_OBJC_WEAK = YES;
				CLANG_WARN_BLOCK_CAPTURE_AUTORELEASING = YES;
				CLANG_WARN_BOOL_CONVERSION = YES;
				CLANG_WARN_COMMA = YES;
				CLANG_WARN_CONSTANT_CONVERSION = YES;
				CLANG_WARN_DEPRECATED_OBJC_IMPLEMENTATIONS = YES;
				CLANG_WARN_DIRECT_OBJC_ISA_USAGE = YES_ERROR;
				CLANG_WARN_DOCUMENTATION_COMMENTS = YES;
				CLANG_WARN_EMPTY_BODY = YES;
				CLANG_WARN_ENUM_CONVERSION = YES;
				CLANG_WARN_INFINITE_RECURSION = YES;
				CLANG_WARN_INT_CONVERSION = YES;
				CLANG_WARN_NON_LITERAL_NULL_CONVERSION = YES;
				CLANG_WARN_OBJC_IMPLICIT_RETAIN_SELF = YES;
				CLANG_WARN_OBJC_LITERAL_CONVERSION = YES;
				CLANG_WARN_OBJC_ROOT_CLASS = YES_ERROR;
				CLANG_WARN_QUOTED_INCLUDE_IN_FRAMEWORK_HEADER = YES;
				CLANG_WARN_RANGE_LOOP_ANALYSIS = YES;
				CLANG_WARN_STRICT_PROTOTYPES = YES;
				CLANG_WARN_SUSPICIOUS_MOVE = YES;
				CLANG_WARN_UNGUARDED_AVAILABILITY = YES_AGGRESSIVE;
				CLANG_WARN_UNREACHABLE_CODE = YES;
				CLANG_WARN__DUPLICATE_METHOD_MATCH = YES;
				COPY_PHASE_STRIP = NO;
				DEBUG_INFORMATION_FORMAT = "dwarf-with-dsym";
				ENABLE_NS_ASSERTIONS = NO;
				ENABLE_STRICT_OBJC_MSGSEND = YES;
				ENABLE_USER_SCRIPT_SANDBOXING = YES;
				GCC_C_LANGUAGE_STANDARD = gnu17;
				GCC_NO_COMMON_BLOCKS = YES;
				GCC_WARN_64_TO_32_BIT_CONVERSION = YES;
				GCC_WARN_ABOUT_RETURN_TYPE = YES_ERROR;
				GCC_WARN_UNDECLARED_SELECTOR = YES;
				GCC_WARN_UNINITIALIZED_AUTOS = YES_AGGRESSIVE;
				GCC_WARN_UNUSED_FUNCTION = YES;
				GCC_WARN_UNUSED_VARIABLE = YES;
				IPHONEOS_DEPLOYMENT_TARGET = 18.2;
				LOCALIZATION_PREFERS_STRING_CATALOGS = YES;
				MTL_ENABLE_DEBUG_INFO = NO;
				MTL_FAST_MATH = YES;
				SDKROOT = iphoneos;
				SWIFT_COMPILATION_MODE = wholemodule;
				VALIDATE_PRODUCT = YES;
			};
			name = Release;
		};
		C2569EB82D531275009E2511 /* Debug */ = {
			isa = XCBuildConfiguration;
			buildSettings = {
				ASSETCATALOG_COMPILER_APPICON_NAME = AppIcon;
				ASSETCATALOG_COMPILER_GLOBAL_ACCENT_COLOR_NAME = AccentColor;
				CODE_SIGN_STYLE = Automatic;
				CURRENT_PROJECT_VERSION = 1;
				DEVELOPMENT_ASSET_PATHS = "\"Cards/Preview Content\"";
				DEVELOPMENT_TEAM = UNS67R8M34;
				ENABLE_PREVIEWS = YES;
				GENERATE_INFOPLIST_FILE = YES;
				INFOPLIST_FILE = Cards/Info.plist;
				INFOPLIST_KEY_UIApplicationSceneManifest_Generation = YES;
				INFOPLIST_KEY_UIApplicationSupportsIndirectInputEvents = YES;
				INFOPLIST_KEY_UISupportedInterfaceOrientations_iPad = "UIInterfaceOrientationPortrait UIInterfaceOrientationPortraitUpsideDown UIInterfaceOrientationLandscapeLeft UIInterfaceOrientationLandscapeRight";
				INFOPLIST_KEY_UISupportedInterfaceOrientations_iPhone = "UIInterfaceOrientationPortrait UIInterfaceOrientationLandscapeLeft UIInterfaceOrientationLandscapeRight";
				LD_RUNPATH_SEARCH_PATHS = (
					"$(inherited)",
					"@executable_path/Frameworks",
				);
				MARKETING_VERSION = 1.0;
				PRODUCT_BUNDLE_IDENTIFIER = com.roshan.Cards;
				PRODUCT_NAME = "$(TARGET_NAME)";
				SWIFT_EMIT_LOC_STRINGS = YES;
				SWIFT_VERSION = 5.0;
				TARGETED_DEVICE_FAMILY = "1,2";
			};
			name = Debug;
		};
		C2569EB92D531275009E2511 /* Release */ = {
			isa = XCBuildConfiguration;
			buildSettings = {
				ASSETCATALOG_COMPILER_APPICON_NAME = AppIcon;
				ASSETCATALOG_COMPILER_GLOBAL_ACCENT_COLOR_NAME = AccentColor;
				CODE_SIGN_STYLE = Automatic;
				CURRENT_PROJECT_VERSION = 1;
				DEVELOPMENT_ASSET_PATHS = "\"Cards/Preview Content\"";
				DEVELOPMENT_TEAM = UNS67R8M34;
				ENABLE_PREVIEWS = YES;
				GENERATE_INFOPLIST_FILE = YES;
				INFOPLIST_FILE = Cards/Info.plist;
				INFOPLIST_KEY_UIApplicationSceneManifest_Generation = YES;
				INFOPLIST_KEY_UIApplicationSupportsIndirectInputEvents = YES;
				INFOPLIST_KEY_UISupportedInterfaceOrientations_iPad = "UIInterfaceOrientationPortrait UIInterfaceOrientationPortraitUpsideDown UIInterfaceOrientationLandscapeLeft UIInterfaceOrientationLandscapeRight";
				INFOPLIST_KEY_UISupportedInterfaceOrientations_iPhone = "UIInterfaceOrientationPortrait UIInterfaceOrientationLandscapeLeft UIInterfaceOrientationLandscapeRight";
				LD_RUNPATH_SEARCH_PATHS = (
					"$(inherited)",
					"@executable_path/Frameworks",
				);
				MARKETING_VERSION = 1.0;
				PRODUCT_BUNDLE_IDENTIFIER = com.roshan.Cards;
				PRODUCT_NAME = "$(TARGET_NAME)";
				SWIFT_EMIT_LOC_STRINGS = YES;
				SWIFT_VERSION = 5.0;
				TARGETED_DEVICE_FAMILY = "1,2";
			};
			name = Release;
		};
/* End XCBuildConfiguration section */

/* Begin XCConfigurationList section */
		C2569EA42D531273009E2511 /* Build configuration list for PBXProject "Cards" */ = {
			isa = XCConfigurationList;
			buildConfigurations = (
				C2569EB52D531275009E2511 /* Debug */,
				C2569EB62D531275009E2511 /* Release */,
			);
			defaultConfigurationIsVisible = 0;
			defaultConfigurationName = Release;
		};
		C2569EB72D531275009E2511 /* Build configuration list for PBXNativeTarget "Cards" */ = {
			isa = XCConfigurationList;
			buildConfigurations = (
				C2569EB82D531275009E2511 /* Debug */,
				C2569EB92D531275009E2511 /* Release */,
			);
			defaultConfigurationIsVisible = 0;
			defaultConfigurationName = Release;
		};
/* End XCConfigurationList section */
	};
	rootObject = C2569EA12D531273009E2511 /* Project object */;
}
